
Microsoft Visual Studio Solution File, Format Version 12.00
# Visual Studio Version 16
VisualStudioVersion = 16.0.30204.135
MinimumVisualStudioVersion = 10.0.40219.1
Project("{2150E333-8FDC-42A3-9474-1A3956D46DE8}") = "Base", "Base", "{B6A2663D-3B4A-46DA-B9BA-0E7F187A1FE9}"
EndProject
Project("{2150E333-8FDC-42A3-9474-1A3956D46DE8}") = "Terminal", "Terminal", "{37C71577-C6C3-4384-8B54-66031425F134}"
EndProject
Project("{9A19103F-16F7-4668-BE54-9A1E7A4F7556}") = "PTM.Terminal", "Terminal\PTM.Terminal\PTM.Terminal.csproj", "{E90689FD-AC81-40D5-9188-5945D7815B60}"
EndProject
Project("{9A19103F-16F7-4668-BE54-9A1E7A4F7556}") = "Test.PTM.Terminal", "Terminal\Test.PTM.Terminal\Test.PTM.Terminal.csproj", "{429D9F01-F1AA-4336-87D4-AB4A19022112}"
EndProject
Project("{9A19103F-16F7-4668-BE54-9A1E7A4F7556}") = "PTM.Logic", "Base\PTM.Logic\PTM.Logic.csproj", "{6E7E37EE-8DD6-4A88-BC04-B4FA5C351724}"
EndProject
Project("{9A19103F-16F7-4668-BE54-9A1E7A4F7556}") = "Test.PTM.Logic", "Base\Test.PTM.Logic\Test.PTM.Logic.csproj", "{B3B35D31-F210-4E7B-BB2D-87EC5DA7BDED}"
EndProject
Project("{9A19103F-16F7-4668-BE54-9A1E7A4F7556}") = "PTM.Utilities", "Base\PTM.Utilities\PTM.Utilities.csproj", "{48CD250D-E1DA-45CC-BA16-ABDA7B8D4501}"
EndProject
Project("{9A19103F-16F7-4668-BE54-9A1E7A4F7556}") = "PTM.Entities", "Base\PTM.Entities\PTM.Entities.csproj", "{F60C09FA-8D71-4000-A34A-6120980D5092}"
EndProject
Project("{9A19103F-16F7-4668-BE54-9A1E7A4F7556}") = "Test.PTM.Utilities", "Base\Test.PTM.Utilities\Test.PTM.Utilities.csproj", "{7E06265A-FBE9-44A2-9687-89AA5AED8722}"
EndProject
Project("{9A19103F-16F7-4668-BE54-9A1E7A4F7556}") = "PTM.PublicDataModel", "Base\PTM.PublicDataModel\PTM.PublicDataModel.csproj", "{C81E2050-C6C9-4D98-9038-4E8B8909B8DA}"
EndProject
Project("{9A19103F-16F7-4668-BE54-9A1E7A4F7556}") = "PTM.Services", "Base\PTM.Services\PTM.Services.csproj", "{06F586EA-BBA2-4059-9E45-EEDDC2B15F7E}"
EndProject
Project("{9A19103F-16F7-4668-BE54-9A1E7A4F7556}") = "Test.PTM.Services", "Base\Test.PTM.Services\Test.PTM.Services.csproj", "{A2638824-69BC-44CB-976D-A34082341E2B}"
EndProject
Project("{9A19103F-16F7-4668-BE54-9A1E7A4F7556}") = "PTM.Services.Client", "Base\PTM.Services.Client\PTM.Services.Client.csproj", "{04AAFCD8-D5A3-42EE-A404-CA24FCE611B0}"
EndProject
Project("{9A19103F-16F7-4668-BE54-9A1E7A4F7556}") = "PTM.TestCommon", "Base\Test.Common\PTM.TestCommon.csproj", "{57806CB6-6771-4027-859A-F572D8B4E32D}"
EndProject
Project("{930C7802-8A8C-48F9-8165-68863BCCD9DD}") = "PTM.WixInstaller", "Terminal\PTM.WixInstaller\PTM.WixInstaller.wixproj", "{9D631686-BE25-43BA-936F-CB45A3E6413E}"
EndProject
Global
	GlobalSection(SolutionConfigurationPlatforms) = preSolution
		Debug|Any CPU = Debug|Any CPU
		Debug|x86 = Debug|x86
		Release|Any CPU = Release|Any CPU
		Release|x86 = Release|x86
	EndGlobalSection
	GlobalSection(ProjectConfigurationPlatforms) = postSolution
		{E90689FD-AC81-40D5-9188-5945D7815B60}.Debug|Any CPU.ActiveCfg = Debug|Any CPU
		{E90689FD-AC81-40D5-9188-5945D7815B60}.Debug|Any CPU.Build.0 = Debug|Any CPU
		{E90689FD-AC81-40D5-9188-5945D7815B60}.Debug|x86.ActiveCfg = Debug|Any CPU
		{E90689FD-AC81-40D5-9188-5945D7815B60}.Debug|x86.Build.0 = Debug|Any CPU
		{E90689FD-AC81-40D5-9188-5945D7815B60}.Release|Any CPU.ActiveCfg = Release|Any CPU
		{E90689FD-AC81-40D5-9188-5945D7815B60}.Release|Any CPU.Build.0 = Release|Any CPU
		{E90689FD-AC81-40D5-9188-5945D7815B60}.Release|x86.ActiveCfg = Release|Any CPU
		{E90689FD-AC81-40D5-9188-5945D7815B60}.Release|x86.Build.0 = Release|Any CPU
		{429D9F01-F1AA-4336-87D4-AB4A19022112}.Debug|Any CPU.ActiveCfg = Debug|Any CPU
		{429D9F01-F1AA-4336-87D4-AB4A19022112}.Debug|Any CPU.Build.0 = Debug|Any CPU
		{429D9F01-F1AA-4336-87D4-AB4A19022112}.Debug|x86.ActiveCfg = Debug|Any CPU
		{429D9F01-F1AA-4336-87D4-AB4A19022112}.Debug|x86.Build.0 = Debug|Any CPU
		{429D9F01-F1AA-4336-87D4-AB4A19022112}.Release|Any CPU.ActiveCfg = Release|Any CPU
		{429D9F01-F1AA-4336-87D4-AB4A19022112}.Release|Any CPU.Build.0 = Release|Any CPU
		{429D9F01-F1AA-4336-87D4-AB4A19022112}.Release|x86.ActiveCfg = Release|Any CPU
		{429D9F01-F1AA-4336-87D4-AB4A19022112}.Release|x86.Build.0 = Release|Any CPU
		{6E7E37EE-8DD6-4A88-BC04-B4FA5C351724}.Debug|Any CPU.ActiveCfg = Debug|Any CPU
		{6E7E37EE-8DD6-4A88-BC04-B4FA5C351724}.Debug|Any CPU.Build.0 = Debug|Any CPU
		{6E7E37EE-8DD6-4A88-BC04-B4FA5C351724}.Debug|x86.ActiveCfg = Debug|Any CPU
		{6E7E37EE-8DD6-4A88-BC04-B4FA5C351724}.Debug|x86.Build.0 = Debug|Any CPU
		{6E7E37EE-8DD6-4A88-BC04-B4FA5C351724}.Release|Any CPU.ActiveCfg = Release|Any CPU
		{6E7E37EE-8DD6-4A88-BC04-B4FA5C351724}.Release|Any CPU.Build.0 = Release|Any CPU
		{6E7E37EE-8DD6-4A88-BC04-B4FA5C351724}.Release|x86.ActiveCfg = Release|Any CPU
		{6E7E37EE-8DD6-4A88-BC04-B4FA5C351724}.Release|x86.Build.0 = Release|Any CPU
		{B3B35D31-F210-4E7B-BB2D-87EC5DA7BDED}.Debug|Any CPU.ActiveCfg = Debug|Any CPU
		{B3B35D31-F210-4E7B-BB2D-87EC5DA7BDED}.Debug|Any CPU.Build.0 = Debug|Any CPU
		{B3B35D31-F210-4E7B-BB2D-87EC5DA7BDED}.Debug|x86.ActiveCfg = Debug|Any CPU
		{B3B35D31-F210-4E7B-BB2D-87EC5DA7BDED}.Debug|x86.Build.0 = Debug|Any CPU
		{B3B35D31-F210-4E7B-BB2D-87EC5DA7BDED}.Release|Any CPU.ActiveCfg = Release|Any CPU
		{B3B35D31-F210-4E7B-BB2D-87EC5DA7BDED}.Release|Any CPU.Build.0 = Release|Any CPU
		{B3B35D31-F210-4E7B-BB2D-87EC5DA7BDED}.Release|x86.ActiveCfg = Release|Any CPU
		{B3B35D31-F210-4E7B-BB2D-87EC5DA7BDED}.Release|x86.Build.0 = Release|Any CPU
		{48CD250D-E1DA-45CC-BA16-ABDA7B8D4501}.Debug|Any CPU.ActiveCfg = Debug|Any CPU
		{48CD250D-E1DA-45CC-BA16-ABDA7B8D4501}.Debug|Any CPU.Build.0 = Debug|Any CPU
		{48CD250D-E1DA-45CC-BA16-ABDA7B8D4501}.Debug|x86.ActiveCfg = Debug|Any CPU
		{48CD250D-E1DA-45CC-BA16-ABDA7B8D4501}.Debug|x86.Build.0 = Debug|Any CPU
		{48CD250D-E1DA-45CC-BA16-ABDA7B8D4501}.Release|Any CPU.ActiveCfg = Release|Any CPU
		{48CD250D-E1DA-45CC-BA16-ABDA7B8D4501}.Release|Any CPU.Build.0 = Release|Any CPU
		{48CD250D-E1DA-45CC-BA16-ABDA7B8D4501}.Release|x86.ActiveCfg = Release|Any CPU
		{48CD250D-E1DA-45CC-BA16-ABDA7B8D4501}.Release|x86.Build.0 = Release|Any CPU
		{F60C09FA-8D71-4000-A34A-6120980D5092}.Debug|Any CPU.ActiveCfg = Debug|Any CPU
		{F60C09FA-8D71-4000-A34A-6120980D5092}.Debug|Any CPU.Build.0 = Debug|Any CPU
		{F60C09FA-8D71-4000-A34A-6120980D5092}.Debug|x86.ActiveCfg = Debug|Any CPU
		{F60C09FA-8D71-4000-A34A-6120980D5092}.Debug|x86.Build.0 = Debug|Any CPU
		{F60C09FA-8D71-4000-A34A-6120980D5092}.Release|Any CPU.ActiveCfg = Release|Any CPU
		{F60C09FA-8D71-4000-A34A-6120980D5092}.Release|Any CPU.Build.0 = Release|Any CPU
		{F60C09FA-8D71-4000-A34A-6120980D5092}.Release|x86.ActiveCfg = Release|Any CPU
		{F60C09FA-8D71-4000-A34A-6120980D5092}.Release|x86.Build.0 = Release|Any CPU
		{7E06265A-FBE9-44A2-9687-89AA5AED8722}.Debug|Any CPU.ActiveCfg = Debug|Any CPU
		{7E06265A-FBE9-44A2-9687-89AA5AED8722}.Debug|Any CPU.Build.0 = Debug|Any CPU
		{7E06265A-FBE9-44A2-9687-89AA5AED8722}.Debug|x86.ActiveCfg = Debug|Any CPU
		{7E06265A-FBE9-44A2-9687-89AA5AED8722}.Debug|x86.Build.0 = Debug|Any CPU
		{7E06265A-FBE9-44A2-9687-89AA5AED8722}.Release|Any CPU.ActiveCfg = Release|Any CPU
		{7E06265A-FBE9-44A2-9687-89AA5AED8722}.Release|Any CPU.Build.0 = Release|Any CPU
		{7E06265A-FBE9-44A2-9687-89AA5AED8722}.Release|x86.ActiveCfg = Release|Any CPU
		{7E06265A-FBE9-44A2-9687-89AA5AED8722}.Release|x86.Build.0 = Release|Any CPU
		{C81E2050-C6C9-4D98-9038-4E8B8909B8DA}.Debug|Any CPU.ActiveCfg = Debug|Any CPU
		{C81E2050-C6C9-4D98-9038-4E8B8909B8DA}.Debug|Any CPU.Build.0 = Debug|Any CPU
		{C81E2050-C6C9-4D98-9038-4E8B8909B8DA}.Debug|x86.ActiveCfg = Debug|Any CPU
		{C81E2050-C6C9-4D98-9038-4E8B8909B8DA}.Debug|x86.Build.0 = Debug|Any CPU
		{C81E2050-C6C9-4D98-9038-4E8B8909B8DA}.Release|Any CPU.ActiveCfg = Release|Any CPU
		{C81E2050-C6C9-4D98-9038-4E8B8909B8DA}.Release|Any CPU.Build.0 = Release|Any CPU
		{C81E2050-C6C9-4D98-9038-4E8B8909B8DA}.Release|x86.ActiveCfg = Release|Any CPU
		{C81E2050-C6C9-4D98-9038-4E8B8909B8DA}.Release|x86.Build.0 = Release|Any CPU
		{06F586EA-BBA2-4059-9E45-EEDDC2B15F7E}.Debug|Any CPU.ActiveCfg = Debug|Any CPU
		{06F586EA-BBA2-4059-9E45-EEDDC2B15F7E}.Debug|Any CPU.Build.0 = Debug|Any CPU
		{06F586EA-BBA2-4059-9E45-EEDDC2B15F7E}.Debug|x86.ActiveCfg = Debug|Any CPU
		{06F586EA-BBA2-4059-9E45-EEDDC2B15F7E}.Debug|x86.Build.0 = Debug|Any CPU
		{06F586EA-BBA2-4059-9E45-EEDDC2B15F7E}.Release|Any CPU.ActiveCfg = Release|Any CPU
		{06F586EA-BBA2-4059-9E45-EEDDC2B15F7E}.Release|Any CPU.Build.0 = Release|Any CPU
		{06F586EA-BBA2-4059-9E45-EEDDC2B15F7E}.Release|x86.ActiveCfg = Release|Any CPU
		{06F586EA-BBA2-4059-9E45-EEDDC2B15F7E}.Release|x86.Build.0 = Release|Any CPU
		{A2638824-69BC-44CB-976D-A34082341E2B}.Debug|Any CPU.ActiveCfg = Debug|Any CPU
		{A2638824-69BC-44CB-976D-A34082341E2B}.Debug|Any CPU.Build.0 = Debug|Any CPU
		{A2638824-69BC-44CB-976D-A34082341E2B}.Debug|x86.ActiveCfg = Debug|Any CPU
		{A2638824-69BC-44CB-976D-A34082341E2B}.Debug|x86.Build.0 = Debug|Any CPU
		{A2638824-69BC-44CB-976D-A34082341E2B}.Release|Any CPU.ActiveCfg = Release|Any CPU
		{A2638824-69BC-44CB-976D-A34082341E2B}.Release|Any CPU.Build.0 = Release|Any CPU
		{A2638824-69BC-44CB-976D-A34082341E2B}.Release|x86.ActiveCfg = Release|Any CPU
		{A2638824-69BC-44CB-976D-A34082341E2B}.Release|x86.Build.0 = Release|Any CPU
		{04AAFCD8-D5A3-42EE-A404-CA24FCE611B0}.Debug|Any CPU.ActiveCfg = Debug|Any CPU
		{04AAFCD8-D5A3-42EE-A404-CA24FCE611B0}.Debug|Any CPU.Build.0 = Debug|Any CPU
		{04AAFCD8-D5A3-42EE-A404-CA24FCE611B0}.Debug|x86.ActiveCfg = Debug|Any CPU
		{04AAFCD8-D5A3-42EE-A404-CA24FCE611B0}.Debug|x86.Build.0 = Debug|Any CPU
		{04AAFCD8-D5A3-42EE-A404-CA24FCE611B0}.Release|Any CPU.ActiveCfg = Release|Any CPU
		{04AAFCD8-D5A3-42EE-A404-CA24FCE611B0}.Release|Any CPU.Build.0 = Release|Any CPU
		{04AAFCD8-D5A3-42EE-A404-CA24FCE611B0}.Release|x86.ActiveCfg = Release|Any CPU
		{04AAFCD8-D5A3-42EE-A404-CA24FCE611B0}.Release|x86.Build.0 = Release|Any CPU
		{57806CB6-6771-4027-859A-F572D8B4E32D}.Debug|Any CPU.ActiveCfg = Debug|Any CPU
		{57806CB6-6771-4027-859A-F572D8B4E32D}.Debug|Any CPU.Build.0 = Debug|Any CPU
		{57806CB6-6771-4027-859A-F572D8B4E32D}.Debug|x86.ActiveCfg = Debug|Any CPU
		{57806CB6-6771-4027-859A-F572D8B4E32D}.Debug|x86.Build.0 = Debug|Any CPU
		{57806CB6-6771-4027-859A-F572D8B4E32D}.Release|Any CPU.ActiveCfg = Release|Any CPU
		{57806CB6-6771-4027-859A-F572D8B4E32D}.Release|Any CPU.Build.0 = Release|Any CPU
		{57806CB6-6771-4027-859A-F572D8B4E32D}.Release|x86.ActiveCfg = Release|Any CPU
		{57806CB6-6771-4027-859A-F572D8B4E32D}.Release|x86.Build.0 = Release|Any CPU
		{9D631686-BE25-43BA-936F-CB45A3E6413E}.Debug|Any CPU.ActiveCfg = Debug|x86
		{9D631686-BE25-43BA-936F-CB45A3E6413E}.Debug|x86.ActiveCfg = Debug|x86
		{9D631686-BE25-43BA-936F-CB45A3E6413E}.Debug|x86.Build.0 = Debug|x86
		{9D631686-BE25-43BA-936F-CB45A3E6413E}.Release|Any CPU.ActiveCfg = Release|x86
		{9D631686-BE25-43BA-936F-CB45A3E6413E}.Release|x86.ActiveCfg = Release|x86
		{9D631686-BE25-43BA-936F-CB45A3E6413E}.Release|x86.Build.0 = Release|x86
	EndGlobalSection
	GlobalSection(SolutionProperties) = preSolution
		HideSolutionNode = FALSE
	EndGlobalSection
	GlobalSection(NestedProjects) = preSolution
		{E90689FD-AC81-40D5-9188-5945D7815B60} = {37C71577-C6C3-4384-8B54-66031425F134}
		{429D9F01-F1AA-4336-87D4-AB4A19022112} = {37C71577-C6C3-4384-8B54-66031425F134}
		{6E7E37EE-8DD6-4A88-BC04-B4FA5C351724} = {B6A2663D-3B4A-46DA-B9BA-0E7F187A1FE9}
		{B3B35D31-F210-4E7B-BB2D-87EC5DA7BDED} = {B6A2663D-3B4A-46DA-B9BA-0E7F187A1FE9}
		{48CD250D-E1DA-45CC-BA16-ABDA7B8D4501} = {B6A2663D-3B4A-46DA-B9BA-0E7F187A1FE9}
		{F60C09FA-8D71-4000-A34A-6120980D5092} = {B6A2663D-3B4A-46DA-B9BA-0E7F187A1FE9}
		{7E06265A-FBE9-44A2-9687-89AA5AED8722} = {B6A2663D-3B4A-46DA-B9BA-0E7F187A1FE9}
		{C81E2050-C6C9-4D98-9038-4E8B8909B8DA} = {B6A2663D-3B4A-46DA-B9BA-0E7F187A1FE9}
		{06F586EA-BBA2-4059-9E45-EEDDC2B15F7E} = {B6A2663D-3B4A-46DA-B9BA-0E7F187A1FE9}
		{A2638824-69BC-44CB-976D-A34082341E2B} = {B6A2663D-3B4A-46DA-B9BA-0E7F187A1FE9}
		{04AAFCD8-D5A3-42EE-A404-CA24FCE611B0} = {B6A2663D-3B4A-46DA-B9BA-0E7F187A1FE9}
		{57806CB6-6771-4027-859A-F572D8B4E32D} = {B6A2663D-3B4A-46DA-B9BA-0E7F187A1FE9}
		{9D631686-BE25-43BA-936F-CB45A3E6413E} = {37C71577-C6C3-4384-8B54-66031425F134}
	EndGlobalSection
	GlobalSection(ExtensibilityGlobals) = postSolution
		SolutionGuid = {DE42D60B-A285-444E-BBDF-022D6248F41A}
	EndGlobalSection
EndGlobal
